
'Sfi.Site:PresentationalBlock':
  superTypes:
    'Neos.Neos:Content': true
  ui:
    label: 'Презентационный блок на главную'
  properties:
    title:
      type: string
      ui:
        inlineEditable: true
        inline:
          editorOptions:
            formatting:
              u: false
              sub: false
              sup: false
              p: false
              h1: false
              h2: false
              h3: false
              pre: false
              removeFormat: false
              a: false
              strong: false
              em: false
            placeholder: Заголовок
    description:
      type: string
      ui:
        inlineEditable: true
        inline:
          editorOptions:
            formatting:
              u: false
              sub: false
              sup: false
              p: false
              h1: false
              h2: false
              h3: false
              pre: false
              removeFormat: false
              a: false
              strong: false
              em: false
            placeholder: Описание
    buttonText:
      type: string
      ui:
        inlineEditable: true
        inline:
          editorOptions:
            formatting:
              u: false
              sub: false
              sup: false
              p: false
              h1: false
              h2: false
              h3: false
              pre: false
              removeFormat: false
              a: false
              strong: false
              em: false
            placeholder: 'Текст на кнопке'
    section:
      type: reference
      ui:
        label: 'Представляемый раздел'
        inspector:
          group: type
    image:
      type: Neos\Media\Domain\Model\ImageInterface
      ui:
        label: 'Фото на обложку'
        reloadIfChanged: false
        inspector:
          group: type
